// !$*UTF8*$!
{
	archiveVersion = 1;
	classes = {
	};
	objectVersion = 56;
	objects = {

/* Begin PBXBuildFile section */
		71D1235D2A286F8400EF768F /* CryptoCrazyUIApp.swift in Sources */ = {isa = PBXBuildFile; fileRef = 71D1235C2A286F8400EF768F /* CryptoCrazyUIApp.swift */; };
		71D1235F2A286F8400EF768F /* MainView.swift in Sources */ = {isa = PBXBuildFile; fileRef = 71D1235E2A286F8400EF768F /* MainView.swift */; };
		71D123612A286F8600EF768F /* Assets.xcassets in Resources */ = {isa = PBXBuildFile; fileRef = 71D123602A286F8600EF768F /* Assets.xcassets */; };
		71D123642A286F8600EF768F /* Preview Assets.xcassets in Resources */ = {isa = PBXBuildFile; fileRef = 71D123632A286F8600EF768F /* Preview Assets.xcassets */; };
		71D1236F2A28721400EF768F /* CryptoCurrency.swift in Sources */ = {isa = PBXBuildFile; fileRef = 71D1236E2A28721400EF768F /* CryptoCurrency.swift */; };
		71D123712A2874BD00EF768F /* Webservice.swift in Sources */ = {isa = PBXBuildFile; fileRef = 71D123702A2874BD00EF768F /* Webservice.swift */; };
		71D123732A28819F00EF768F /* CryptoViewModel.swift in Sources */ = {isa = PBXBuildFile; fileRef = 71D123722A28819F00EF768F /* CryptoViewModel.swift */; };
/* End PBXBuildFile section */

/* Begin PBXFileReference section */
		71D123592A286F8400EF768F /* CryptoCrazyUI.app */ = {isa = PBXFileReference; explicitFileType = wrapper.application; includeInIndex = 0; path = CryptoCrazyUI.app; sourceTree = BUILT_PRODUCTS_DIR; };
		71D1235C2A286F8400EF768F /* CryptoCrazyUIApp.swift */ = {isa = PBXFileReference; lastKnownFileType = sourcecode.swift; path = CryptoCrazyUIApp.swift; sourceTree = "<group>"; };
		71D1235E2A286F8400EF768F /* MainView.swift */ = {isa = PBXFileReference; lastKnownFileType = sourcecode.swift; path = MainView.swift; sourceTree = "<group>"; };
		71D123602A286F8600EF768F /* Assets.xcassets */ = {isa = PBXFileReference; lastKnownFileType = folder.assetcatalog; path = Assets.xcassets; sourceTree = "<group>"; };
		71D123632A286F8600EF768F /* Preview Assets.xcassets */ = {isa = PBXFileReference; lastKnownFileType = folder.assetcatalog; path = "Preview Assets.xcassets"; sourceTree = "<group>"; };
		71D1236E2A28721400EF768F /* CryptoCurrency.swift */ = {isa = PBXFileReference; lastKnownFileType = sourcecode.swift; path = CryptoCurrency.swift; sourceTree = "<group>"; };
		71D123702A2874BD00EF768F /* Webservice.swift */ = {isa = PBXFileReference; lastKnownFileType = sourcecode.swift; path = Webservice.swift; sourceTree = "<group>"; };
		71D123722A28819F00EF768F /* CryptoViewModel.swift */ = {isa = PBXFileReference; lastKnownFileType = sourcecode.swift; path = CryptoViewModel.swift; sourceTree = "<group>"; };
/* End PBXFileReference section */

/* Begin PBXFrameworksBuildPhase section */
		71D123562A286F8400EF768F /* Frameworks */ = {
			isa = PBXFrameworksBuildPhase;
			buildActionMask = 2147483647;
			files = (
			);
			runOnlyForDeploymentPostprocessing = 0;
		};
/* End PBXFrameworksBuildPhase section */

/* Begin PBXGroup section */
		71D123502A286F8400EF768F = {
			isa = PBXGroup;
			children = (
				71D1235B2A286F8400EF768F /* CryptoCrazyUI */,
				71D1235A2A286F8400EF768F /* Products */,
			);
			sourceTree = "<group>";
		};
		71D1235A2A286F8400EF768F /* Products */ = {
			isa = PBXGroup;
			children = (
				71D123592A286F8400EF768F /* CryptoCrazyUI.app */,
			);
			name = Products;
			sourceTree = "<group>";
		};
		71D1235B2A286F8400EF768F /* CryptoCrazyUI */ = {
			isa = PBXGroup;
			children = (
				71D1236D2A2870A600EF768F /* ViewModel */,
				71D1236C2A2870A000EF768F /* View */,
				71D1236B2A28709400EF768F /* Model */,
				71D1236A2A28708300EF768F /* Service */,
				71D1235C2A286F8400EF768F /* CryptoCrazyUIApp.swift */,
				71D123602A286F8600EF768F /* Assets.xcassets */,
				71D123622A286F8600EF768F /* Preview Content */,
			);
			path = CryptoCrazyUI;
			sourceTree = "<group>";
		};
		71D123622A286F8600EF768F /* Preview Content */ = {
			isa = PBXGroup;
			children = (
				71D123632A286F8600EF768F /* Preview Assets.xcassets */,
			);
			path = "Preview Content";
			sourceTree = "<group>";
		};
		71D1236A2A28708300EF768F /* Service */ = {
			isa = PBXGroup;
			children = (
				71D123702A2874BD00EF768F /* Webservice.swift */,
			);
			path = Service;
			sourceTree = "<group>";
		};
		71D1236B2A28709400EF768F /* Model */ = {
			isa = PBXGroup;
			children = (
				71D1236E2A28721400EF768F /* CryptoCurrency.swift */,
			);
			path = Model;
			sourceTree = "<group>";
		};
		71D1236C2A2870A000EF768F /* View */ = {
			isa = PBXGroup;
			children = (
				71D1235E2A286F8400EF768F /* MainView.swift */,
			);
			path = View;
			sourceTree = "<group>";
		};
		71D1236D2A2870A600EF768F /* ViewModel */ = {
			isa = PBXGroup;
			children = (
				71D123722A28819F00EF768F /* CryptoViewModel.swift */,
			);
			path = ViewModel;
			sourceTree = "<group>";
		};
/* End PBXGroup section */

/* Begin PBXNativeTarget section */
		71D123582A286F8400EF768F /* CryptoCrazyUI */ = {
			isa = PBXNativeTarget;
			buildConfigurationList = 71D123672A286F8600EF768F /* Build configuration list for PBXNativeTarget "CryptoCrazyUI" */;
			buildPhases = (
				71D123552A286F8400EF768F /* Sources */,
				71D123562A286F8400EF768F /* Frameworks */,
				71D123572A286F8400EF768F /* Resources */,
			);
			buildRules = (
			);
			dependencies = (
			);
			name = CryptoCrazyUI;
			productName = CryptoCrazyUI;
			productReference = 71D123592A286F8400EF768F /* CryptoCrazyUI.app */;
			productType = "com.apple.product-type.application";
		};
/* End PBXNativeTarget section */

/* Begin PBXProject section */
		71D123512A286F8400EF768F /* Project object */ = {
			isa = PBXProject;
			attributes = {
				BuildIndependentTargetsInParallel = 1;
				LastSwiftUpdateCheck = 1430;
				LastUpgradeCheck = 1430;
				TargetAttributes = {
					71D123582A286F8400EF768F = {
						CreatedOnToolsVersion = 14.3;
					};
				};
			};
			buildConfigurationList = 71D123542A286F8400EF768F /* Build configuration list for PBXProject "CryptoCrazyUI" */;
			compatibilityVersion = "Xcode 14.0";
			developmentRegion = en;
			hasScannedForEncodings = 0;
			knownRegions = (
				en,
				Base,
			);
			mainGroup = 71D123502A286F8400EF768F;
			productRefGroup = 71D1235A2A286F8400EF768F /* Products */;
			projectDirPath = "";
			projectRoot = "";
			targets = (
				71D123582A286F8400EF768F /* CryptoCrazyUI */,
			);
		};
/* End PBXProject section */

/* Begin PBXResourcesBuildPhase section */
		71D123572A286F8400EF768F /* Resources */ = {
			isa = PBXResourcesBuildPhase;
			buildActionMask = 2147483647;
			files = (
				71D123642A286F8600EF768F /* Preview Assets.xcassets in Resources */,
				71D123612A286F8600EF768F /* Assets.xcassets in Resources */,
			);
			runOnlyForDeploymentPostprocessing = 0;
		};
/* End PBXResourcesBuildPhase section */

/* Begin PBXSourcesBuildPhase section */
		71D123552A286F8400EF768F /* Sources */ = {
			isa = PBXSourcesBuildPhase;
			buildActionMask = 2147483647;
			files = (
				71D1235F2A286F8400EF768F /* MainView.swift in Sources */,
				71D1236F2A28721400EF768F /* CryptoCurrency.swift in Sources */,
				71D123712A2874BD00EF768F /* Webservice.swift in Sources */,
				71D1235D2A286F8400EF768F /* CryptoCrazyUIApp.swift in Sources */,
				71D123732A28819F00EF768F /* CryptoViewModel.swift in Sources */,
			);
			runOnlyForDeploymentPostprocessing = 0;
		};
/* End PBXSourcesBuildPhase section */

/* Begin XCBuildConfiguration section */
		71D123652A286F8600EF768F /* Debug */ = {
			isa = XCBuildConfiguration;
			buildSettings = {
				ALWAYS_SEARCH_USER_PATHS = NO;
				CLANG_ANALYZER_NONNULL = YES;
				CLANG_ANALYZER_NUMBER_OBJECT_CONVERSION = YES_AGGRESSIVE;
				CLANG_CXX_LANGUAGE_STANDARD = "gnu++20";
				CLANG_ENABLE_MODULES = YES;
				CLANG_ENABLE_OBJC_ARC = YES;
				CLANG_ENABLE_OBJC_WEAK = YES;
				CLANG_WARN_BLOCK_CAPTURE_AUTORELEASING = YES;
				CLANG_WARN_BOOL_CONVERSION = YES;
				CLANG_WARN_COMMA = YES;
				CLANG_WARN_CONSTANT_CONVERSION = YES;
				CLANG_WARN_DEPRECATED_OBJC_IMPLEMENTATIONS = YES;
				CLANG_WARN_DIRECT_OBJC_ISA_USAGE = YES_ERROR;
				CLANG_WARN_DOCUMENTATION_COMMENTS = YES;
				CLANG_WARN_EMPTY_BODY = YES;
				CLANG_WARN_ENUM_CONVERSION = YES;
				CLANG_WARN_INFINITE_RECURSION = YES;
				CLANG_WARN_INT_CONVERSION = YES;
				CLANG_WARN_NON_LITERAL_NULL_CONVERSION = YES;
				CLANG_WARN_OBJC_IMPLICIT_RETAIN_SELF = YES;
				CLANG_WARN_OBJC_LITERAL_CONVERSION = YES;
				CLANG_WARN_OBJC_ROOT_CLASS = YES_ERROR;
				CLANG_WARN_QUOTED_INCLUDE_IN_FRAMEWORK_HEADER = YES;
				CLANG_WARN_RANGE_LOOP_ANALYSIS = YES;
				CLANG_WARN_STRICT_PROTOTYPES = YES;
				CLANG_WARN_SUSPICIOUS_MOVE = YES;
				CLANG_WARN_UNGUARDED_AVAILABILITY = YES_AGGRESSIVE;
				CLANG_WARN_UNREACHABLE_CODE = YES;
				CLANG_WARN__DUPLICATE_METHOD_MATCH = YES;
				COPY_PHASE_STRIP = NO;
				DEBUG_INFORMATION_FORMAT = dwarf;
				ENABLE_STRICT_OBJC_MSGSEND = YES;
				ENABLE_TESTABILITY = YES;
				GCC_C_LANGUAGE_STANDARD = gnu11;
				GCC_DYNAMIC_NO_PIC = NO;
				GCC_NO_COMMON_BLOCKS = YES;
				GCC_OPTIMIZATION_LEVEL = 0;
				GCC_PREPROCESSOR_DEFINITIONS = (
					"DEBUG=1",
					"$(inherited)",
				);
				GCC_WARN_64_TO_32_BIT_CONVERSION = YES;
				GCC_WARN_ABOUT_RETURN_TYPE = YES_ERROR;
				GCC_WARN_UNDECLARED_SELECTOR = YES;
				GCC_WARN_UNINITIALIZED_AUTOS = YES_AGGRESSIVE;
				GCC_WARN_UNUSED_FUNCTION = YES;
				GCC_WARN_UNUSED_VARIABLE = YES;
				IPHONEOS_DEPLOYMENT_TARGET = 16.4;
				MTL_ENABLE_DEBUG_INFO = INCLUDE_SOURCE;
				MTL_FAST_MATH = YES;
				ONLY_ACTIVE_ARCH = YES;
				SDKROOT = iphoneos;
				SWIFT_ACTIVE_COMPILATION_CONDITIONS = DEBUG;
				SWIFT_OPTIMIZATION_LEVEL = "-Onone";
			};
			name = Debug;
		};
		71D123662A286F8600EF768F /* Release */ = {
			isa = XCBuildConfiguration;
			buildSettings = {
				ALWAYS_SEARCH_USER_PATHS = NO;
				CLANG_ANALYZER_NONNULL = YES;
				CLANG_ANALYZER_NUMBER_OBJECT_CONVERSION = YES_AGGRESSIVE;
				CLANG_CXX_LANGUAGE_STANDARD = "gnu++20";
				CLANG_ENABLE_MODULES = YES;
				CLANG_ENABLE_OBJC_ARC = YES;
				CLANG_ENABLE_OBJC_WEAK = YES;
				CLANG_WARN_BLOCK_CAPTURE_AUTORELEASING = YES;
				CLANG_WARN_BOOL_CONVERSION = YES;
				CLANG_WARN_COMMA = YES;
				CLANG_WARN_CONSTANT_CONVERSION = YES;
				CLANG_WARN_DEPRECATED_OBJC_IMPLEMENTATIONS = YES;
				CLANG_WARN_DIRECT_OBJC_ISA_USAGE = YES_ERROR;
				CLANG_WARN_DOCUMENTATION_COMMENTS = YES;
				CLANG_WARN_EMPTY_BODY = YES;
				CLANG_WARN_ENUM_CONVERSION = YES;
				CLANG_WARN_INFINITE_RECURSION = YES;
				CLANG_WARN_INT_CONVERSION = YES;
				CLANG_WARN_NON_LITERAL_NULL_CONVERSION = YES;
				CLANG_WARN_OBJC_IMPLICIT_RETAIN_SELF = YES;
				CLANG_WARN_OBJC_LITERAL_CONVERSION = YES;
				CLANG_WARN_OBJC_ROOT_CLASS = YES_ERROR;
				CLANG_WARN_QUOTED_INCLUDE_IN_FRAMEWORK_HEADER = YES;
				CLANG_WARN_RANGE_LOOP_ANALYSIS = YES;
				CLANG_WARN_STRICT_PROTOTYPES = YES;
				CLANG_WARN_SUSPICIOUS_MOVE = YES;
				CLANG_WARN_UNGUARDED_AVAILABILITY = YES_AGGRESSIVE;
				CLANG_WARN_UNREACHABLE_CODE = YES;
				CLANG_WARN__DUPLICATE_METHOD_MATCH = YES;
				COPY_PHASE_STRIP = NO;
				DEBUG_INFORMATION_FORMAT = "dwarf-with-dsym";
				ENABLE_NS_ASSERTIONS = NO;
				ENABLE_STRICT_OBJC_MSGSEND = YES;
				GCC_C_LANGUAGE_STANDARD = gnu11;
				GCC_NO_COMMON_BLOCKS = YES;
				GCC_WARN_64_TO_32_BIT_CONVERSION = YES;
				GCC_WARN_ABOUT_RETURN_TYPE = YES_ERROR;
				GCC_WARN_UNDECLARED_SELECTOR = YES;
				GCC_WARN_UNINITIALIZED_AUTOS = YES_AGGRESSIVE;
				GCC_WARN_UNUSED_FUNCTION = YES;
				GCC_WARN_UNUSED_VARIABLE = YES;
				IPHONEOS_DEPLOYMENT_TARGET = 16.4;
				MTL_ENABLE_DEBUG_INFO = NO;
				MTL_FAST_MATH = YES;
				SDKROOT = iphoneos;
				SWIFT_COMPILATION_MODE = wholemodule;
				SWIFT_OPTIMIZATION_LEVEL = "-O";
				VALIDATE_PRODUCT = YES;
			};
			name = Release;
		};
		71D123682A286F8600EF768F /* Debug */ = {
			isa = XCBuildConfiguration;
			buildSettings = {
				ASSETCATALOG_COMPILER_APPICON_NAME = AppIcon;
				ASSETCATALOG_COMPILER_GLOBAL_ACCENT_COLOR_NAME = AccentColor;
				CODE_SIGN_STYLE = Automatic;
				CURRENT_PROJECT_VERSION = 1;
				DEVELOPMENT_ASSET_PATHS = "\"CryptoCrazyUI/Preview Content\"";
				DEVELOPMENT_TEAM = 8LBYJL22Z9;
				ENABLE_PREVIEWS = YES;
				GENERATE_INFOPLIST_FILE = YES;
				INFOPLIST_KEY_UIApplicationSceneManifest_Generation = YES;
				INFOPLIST_KEY_UIApplicationSupportsIndirectInputEvents = YES;
				INFOPLIST_KEY_UILaunchScreen_Generation = YES;
				INFOPLIST_KEY_UISupportedInterfaceOrientations_iPad = "UIInterfaceOrientationPortrait UIInterfaceOrientationPortraitUpsideDown UIInterfaceOrientationLandscapeLeft UIInterfaceOrientationLandscapeRight";
				INFOPLIST_KEY_UISupportedInterfaceOrientations_iPhone = "UIInterfaceOrientationPortrait UIInterfaceOrientationLandscapeLeft UIInterfaceOrientationLandscapeRight";
				LD_RUNPATH_SEARCH_PATHS = (
					"$(inherited)",
					"@executable_path/Frameworks",
				);
				MARKETING_VERSION = 1.0;
				PRODUCT_BUNDLE_IDENTIFIER = com.saturnhalkalari.CryptoCrazyUI;
				PRODUCT_NAME = "$(TARGET_NAME)";
				SWIFT_EMIT_LOC_STRINGS = YES;
				SWIFT_VERSION = 5.0;
				TARGETED_DEVICE_FAMILY = "1,2";
			};
			name = Debug;
		};
		71D123692A286F8600EF768F /* Release */ = {
			isa = XCBuildConfiguration;
			buildSettings = {
				ASSETCATALOG_COMPILER_APPICON_NAME = AppIcon;
				ASSETCATALOG_COMPILER_GLOBAL_ACCENT_COLOR_NAME = AccentColor;
				CODE_SIGN_STYLE = Automatic;
				CURRENT_PROJECT_VERSION = 1;
				DEVELOPMENT_ASSET_PATHS = "\"CryptoCrazyUI/Preview Content\"";
				DEVELOPMENT_TEAM = 8LBYJL22Z9;
				ENABLE_PREVIEWS = YES;
				GENERATE_INFOPLIST_FILE = YES;
				INFOPLIST_KEY_UIApplicationSceneManifest_Generation = YES;
				INFOPLIST_KEY_UIApplicationSupportsIndirectInputEvents = YES;
				INFOPLIST_KEY_UILaunchScreen_Generation = YES;
				INFOPLIST_KEY_UISupportedInterfaceOrientations_iPad = "UIInterfaceOrientationPortrait UIInterfaceOrientationPortraitUpsideDown UIInterfaceOrientationLandscapeLeft UIInterfaceOrientationLandscapeRight";
				INFOPLIST_KEY_UISupportedInterfaceOrientations_iPhone = "UIInterfaceOrientationPortrait UIInterfaceOrientationLandscapeLeft UIInterfaceOrientationLandscapeRight";
				LD_RUNPATH_SEARCH_PATHS = (
					"$(inherited)",
					"@executable_path/Frameworks",
				);
				MARKETING_VERSION = 1.0;
				PRODUCT_BUNDLE_IDENTIFIER = com.saturnhalkalari.CryptoCrazyUI;
				PRODUCT_NAME = "$(TARGET_NAME)";
				SWIFT_EMIT_LOC_STRINGS = YES;
				SWIFT_VERSION = 5.0;
				TARGETED_DEVICE_FAMILY = "1,2";
			};
			name = Release;
		};
/* End XCBuildConfiguration section */

/* Begin XCConfigurationList section */
		71D123542A286F8400EF768F /* Build configuration list for PBXProject "CryptoCrazyUI" */ = {
			isa = XCConfigurationList;
			buildConfigurations = (
				71D123652A286F8600EF768F /* Debug */,
				71D123662A286F8600EF768F /* Release */,
			);
			defaultConfigurationIsVisible = 0;
			defaultConfigurationName = Release;
		};
		71D123672A286F8600EF768F /* Build configuration list for PBXNativeTarget "CryptoCrazyUI" */ = {
			isa = XCConfigurationList;
			buildConfigurations = (
				71D123682A286F8600EF768F /* Debug */,
				71D123692A286F8600EF768F /* Release */,
			);
			defaultConfigurationIsVisible = 0;
			defaultConfigurationName = Release;
		};
/* End XCConfigurationList section */
	};
	rootObject = 71D123512A286F8400EF768F /* Project object */;
}
